
Microsoft Visual Studio Solution File, Format Version 12.00
# Visual Studio 15
VisualStudioVersion = 15.0.27428.2037
MinimumVisualStudioVersion = 10.0.40219.1
Project("{FAE04EC0-301F-11D3-BF4B-00C04F79EFBC}") = "DataModel", "DataModel\DataModel.csproj", "{A248CD21-1BDF-48F4-B722-06CD78BD6448}"
EndProject
Project("{FAE04EC0-301F-11D3-BF4B-00C04F79EFBC}") = "Domain", "Domain\Domain.csproj", "{8290D65C-D6BB-46A6-91EE-F38AE84EFF7C}"
EndProject
Project("{FAE04EC0-301F-11D3-BF4B-00C04F79EFBC}") = "Infrastructure", "Infrastructure\Infrastructure.csproj", "{AAC7F515-A1C7-4E44-826E-580584302D1D}"
EndProject
Project("{FAE04EC0-301F-11D3-BF4B-00C04F79EFBC}") = "Api", "Api\Api.csproj", "{4EAD343D-C6A8-41B3-A16D-7C833EF8907B}"
EndProject
Global
	GlobalSection(SolutionConfigurationPlatforms) = preSolution
		Debug|Any CPU = Debug|Any CPU
		Release|Any CPU = Release|Any CPU
	EndGlobalSection
	GlobalSection(ProjectConfigurationPlatforms) = postSolution
		{A248CD21-1BDF-48F4-B722-06CD78BD6448}.Debug|Any CPU.ActiveCfg = Debug|Any CPU
		{A248CD21-1BDF-48F4-B722-06CD78BD6448}.Debug|Any CPU.Build.0 = Debug|Any CPU
		{A248CD21-1BDF-48F4-B722-06CD78BD6448}.Release|Any CPU.ActiveCfg = Release|Any CPU
		{A248CD21-1BDF-48F4-B722-06CD78BD6448}.Release|Any CPU.Build.0 = Release|Any CPU
		{8290D65C-D6BB-46A6-91EE-F38AE84EFF7C}.Debug|Any CPU.ActiveCfg = Debug|Any CPU
		{8290D65C-D6BB-46A6-91EE-F38AE84EFF7C}.Debug|Any CPU.Build.0 = Debug|Any CPU
		{8290D65C-D6BB-46A6-91EE-F38AE84EFF7C}.Release|Any CPU.ActiveCfg = Release|Any CPU
		{8290D65C-D6BB-46A6-91EE-F38AE84EFF7C}.Release|Any CPU.Build.0 = Release|Any CPU
		{AAC7F515-A1C7-4E44-826E-580584302D1D}.Debug|Any CPU.ActiveCfg = Debug|Any CPU
		{AAC7F515-A1C7-4E44-826E-580584302D1D}.Debug|Any CPU.Build.0 = Debug|Any CPU
		{AAC7F515-A1C7-4E44-826E-580584302D1D}.Release|Any CPU.ActiveCfg = Release|Any CPU
		{AAC7F515-A1C7-4E44-826E-580584302D1D}.Release|Any CPU.Build.0 = Release|Any CPU
		{4EAD343D-C6A8-41B3-A16D-7C833EF8907B}.Debug|Any CPU.ActiveCfg = Debug|Any CPU
		{4EAD343D-C6A8-41B3-A16D-7C833EF8907B}.Debug|Any CPU.Build.0 = Debug|Any CPU
		{4EAD343D-C6A8-41B3-A16D-7C833EF8907B}.Release|Any CPU.ActiveCfg = Release|Any CPU
		{4EAD343D-C6A8-41B3-A16D-7C833EF8907B}.Release|Any CPU.Build.0 = Release|Any CPU
	EndGlobalSection
	GlobalSection(SolutionProperties) = preSolution
		HideSolutionNode = FALSE
	EndGlobalSection
	GlobalSection(ExtensibilityGlobals) = postSolution
		SolutionGuid = {517A5D28-9725-4BA8-975D-E8D488218B41}
	EndGlobalSection
EndGlobal
